
Microsoft Visual Studio Solution File, Format Version 12.00
# Visual Studio 15
VisualStudioVersion = 15.0.28010.2050
MinimumVisualStudioVersion = 10.0.40219.1
Project("{FAE04EC0-301F-11D3-BF4B-00C04F79EFBC}") = "Chat_Server_Console", "Chat_Server_Console\Chat_Server_Console.csproj", "{6231F5E8-69A8-46D5-9FD0-25479A221982}"
EndProject
Project("{FAE04EC0-301F-11D3-BF4B-00C04F79EFBC}") = "Chat_Client_Console", "..\Chat_Client_Console\Chat_Client_Console\Chat_Client_Console.csproj", "{CD2DCEC2-A495-4578-AC56-281416FED84B}"
EndProject
Global
	GlobalSection(SolutionConfigurationPlatforms) = preSolution
		Debug|Any CPU = Debug|Any CPU
		Release|Any CPU = Release|Any CPU
	EndGlobalSection
	GlobalSection(ProjectConfigurationPlatforms) = postSolution
		{6231F5E8-69A8-46D5-9FD0-25479A221982}.Debug|Any CPU.ActiveCfg = Debug|Any CPU
		{6231F5E8-69A8-46D5-9FD0-25479A221982}.Debug|Any CPU.Build.0 = Debug|Any CPU
		{6231F5E8-69A8-46D5-9FD0-25479A221982}.Release|Any CPU.ActiveCfg = Release|Any CPU
		{6231F5E8-69A8-46D5-9FD0-25479A221982}.Release|Any CPU.Build.0 = Release|Any CPU
		{CD2DCEC2-A495-4578-AC56-281416FED84B}.Debug|Any CPU.ActiveCfg = Debug|Any CPU
		{CD2DCEC2-A495-4578-AC56-281416FED84B}.Debug|Any CPU.Build.0 = Debug|Any CPU
		{CD2DCEC2-A495-4578-AC56-281416FED84B}.Release|Any CPU.ActiveCfg = Release|Any CPU
		{CD2DCEC2-A495-4578-AC56-281416FED84B}.Release|Any CPU.Build.0 = Release|Any CPU
	EndGlobalSection
	GlobalSection(SolutionProperties) = preSolution
		HideSolutionNode = FALSE
	EndGlobalSection
	GlobalSection(ExtensibilityGlobals) = postSolution
		SolutionGuid = {78001E36-77A3-46EC-B05D-A7F159A4E33C}
	EndGlobalSection
EndGlobal
